// !$*UTF8*$!
{
	archiveVersion = 1;
	classes = {
	};
	objectVersion = 77;
	objects = {

/* Begin PBXBuildFile section */
		5344E4192D6F2D1A00DDDBC4 /* InlineSnapshotTesting in Frameworks */ = {isa = PBXBuildFile; productRef = 5344E4182D6F2D1A00DDDBC4 /* InlineSnapshotTesting */; };
		5344E41B2D6F2D1A00DDDBC4 /* SnapshotTesting in Frameworks */ = {isa = PBXBuildFile; productRef = 5344E41A2D6F2D1A00DDDBC4 /* SnapshotTesting */; };
		5344E41D2D6F2D1A00DDDBC4 /* SnapshotTestingCustomDump in Frameworks */ = {isa = PBXBuildFile; productRef = 5344E41C2D6F2D1A00DDDBC4 /* SnapshotTestingCustomDump */; };
/* End PBXBuildFile section */

/* Begin PBXContainerItemProxy section */
		530FEB622D87BF6300850D14 /* PBXContainerItemProxy */ = {
			isa = PBXContainerItemProxy;
			containerPortal = 5344E3E22D6F2CC300DDDBC4 /* Project object */;
			proxyType = 1;
			remoteGlobalIDString = 5344E3E92D6F2CC300DDDBC4;
			remoteInfo = citest02;
		};
		5344E3FB2D6F2CC400DDDBC4 /* PBXContainerItemProxy */ = {
			isa = PBXContainerItemProxy;
			containerPortal = 5344E3E22D6F2CC300DDDBC4 /* Project object */;
			proxyType = 1;
			remoteGlobalIDString = 5344E3E92D6F2CC300DDDBC4;
			remoteInfo = citest02;
		};
/* End PBXContainerItemProxy section */

/* Begin PBXFileReference section */
		530FEB5E2D87BF6300850D14 /* citest02SnapshotTests.xctest */ = {isa = PBXFileReference; explicitFileType = wrapper.cfbundle; includeInIndex = 0; path = citest02SnapshotTests.xctest; sourceTree = BUILT_PRODUCTS_DIR; };
		5344E3EA2D6F2CC300DDDBC4 /* citest02.app */ = {isa = PBXFileReference; explicitFileType = wrapper.application; includeInIndex = 0; path = citest02.app; sourceTree = BUILT_PRODUCTS_DIR; };
		5344E3FA2D6F2CC400DDDBC4 /* citest02Tests.xctest */ = {isa = PBXFileReference; explicitFileType = wrapper.cfbundle; includeInIndex = 0; path = citest02Tests.xctest; sourceTree = BUILT_PRODUCTS_DIR; };
/* End PBXFileReference section */

/* Begin PBXFileSystemSynchronizedBuildFileExceptionSet section */
		535361152D8D3F4600704C30 /* Exceptions for "Features" folder in "citest02" target */ = {
			isa = PBXFileSystemSynchronizedBuildFileExceptionSet;
			membershipExceptions = (
				Discover/Sources/SnapshotTest/DiscoverTests.swift,
				Home/Sources/SnapshotTest/__Snapshots__/citest02Tests/example.1.png,
				Home/Sources/SnapshotTest/citest02Tests.swift,
			);
			target = 5344E3E92D6F2CC300DDDBC4 /* citest02 */;
		};
		5353611D2D8D3F5200704C30 /* Exceptions for "Features" folder in "citest02Tests" target */ = {
			isa = PBXFileSystemSynchronizedBuildFileExceptionSet;
			membershipExceptions = (
				Discover/Sources/SnapshotTest/DiscoverTests.swift,
				Home/Sources/SnapshotTest/citest02Tests.swift,
			);
			target = 5344E3F92D6F2CC400DDDBC4 /* citest02Tests */;
		};
		5353612C2D8D406700704C30 /* Exceptions for "citest02" folder in "citest02" target */ = {
			isa = PBXFileSystemSynchronizedBuildFileExceptionSet;
			membershipExceptions = (
				Snapshots/__Snapshots__/SnapshotFilePath/example.1.png,
				Snapshots/__Snapshots__/SnapshotFilePath/example2.1.png,
			);
			target = 5344E3E92D6F2CC300DDDBC4 /* citest02 */;
		};
/* End PBXFileSystemSynchronizedBuildFileExceptionSet section */

/* Begin PBXFileSystemSynchronizedRootGroup section */
		5344E3EC2D6F2CC300DDDBC4 /* citest02 */ = {
			isa = PBXFileSystemSynchronizedRootGroup;
			exceptions = (
				5353612C2D8D406700704C30 /* Exceptions for "citest02" folder in "citest02" target */,
			);
			path = citest02;
			sourceTree = "<group>";
		};
		5344E4072D6F2CC400DDDBC4 /* citest02UITests */ = {
			isa = PBXFileSystemSynchronizedRootGroup;
			path = citest02UITests;
			sourceTree = "<group>";
		};
		5353610F2D8D3F3600704C30 /* Features */ = {
			isa = PBXFileSystemSynchronizedRootGroup;
			exceptions = (
				535361152D8D3F4600704C30 /* Exceptions for "Features" folder in "citest02" target */,
				5353611D2D8D3F5200704C30 /* Exceptions for "Features" folder in "citest02Tests" target */,
			);
			path = Features;
			sourceTree = "<group>";
		};
/* End PBXFileSystemSynchronizedRootGroup section */

/* Begin PBXFrameworksBuildPhase section */
		530FEB5B2D87BF6300850D14 /* Frameworks */ = {
			isa = PBXFrameworksBuildPhase;
			buildActionMask = 2147483647;
			files = (
			);
			runOnlyForDeploymentPostprocessing = 0;
		};
		5344E3E72D6F2CC300DDDBC4 /* Frameworks */ = {
			isa = PBXFrameworksBuildPhase;
			buildActionMask = 2147483647;
			files = (
			);
			runOnlyForDeploymentPostprocessing = 0;
		};
		5344E3F72D6F2CC400DDDBC4 /* Frameworks */ = {
			isa = PBXFrameworksBuildPhase;
			buildActionMask = 2147483647;
			files = (
				5344E41D2D6F2D1A00DDDBC4 /* SnapshotTestingCustomDump in Frameworks */,
				5344E4192D6F2D1A00DDDBC4 /* InlineSnapshotTesting in Frameworks */,
				5344E41B2D6F2D1A00DDDBC4 /* SnapshotTesting in Frameworks */,
			);
			runOnlyForDeploymentPostprocessing = 0;
		};
/* End PBXFrameworksBuildPhase section */

/* Begin PBXGroup section */
		5344E3E12D6F2CC300DDDBC4 = {
			isa = PBXGroup;
			children = (
				5353610F2D8D3F3600704C30 /* Features */,
				5344E3EC2D6F2CC300DDDBC4 /* citest02 */,
				5344E4072D6F2CC400DDDBC4 /* citest02UITests */,
				5344E3EB2D6F2CC300DDDBC4 /* Products */,
			);
			sourceTree = "<group>";
		};
		5344E3EB2D6F2CC300DDDBC4 /* Products */ = {
			isa = PBXGroup;
			children = (
				5344E3EA2D6F2CC300DDDBC4 /* citest02.app */,
				5344E3FA2D6F2CC400DDDBC4 /* citest02Tests.xctest */,
				530FEB5E2D87BF6300850D14 /* citest02SnapshotTests.xctest */,
			);
			name = Products;
			sourceTree = "<group>";
		};
/* End PBXGroup section */

/* Begin PBXNativeTarget section */
		530FEB5D2D87BF6300850D14 /* citest02SnapshotTests */ = {
			isa = PBXNativeTarget;
			buildConfigurationList = 530FEB662D87BF6300850D14 /* Build configuration list for PBXNativeTarget "citest02SnapshotTests" */;
			buildPhases = (
				530FEB5A2D87BF6300850D14 /* Sources */,
				530FEB5B2D87BF6300850D14 /* Frameworks */,
				530FEB5C2D87BF6300850D14 /* Resources */,
			);
			buildRules = (
			);
			dependencies = (
				530FEB632D87BF6300850D14 /* PBXTargetDependency */,
			);
			name = citest02SnapshotTests;
			packageProductDependencies = (
			);
			productName = citest02SnapshotTests;
			productReference = 530FEB5E2D87BF6300850D14 /* citest02SnapshotTests.xctest */;
			productType = "com.apple.product-type.bundle.unit-test";
		};
		5344E3E92D6F2CC300DDDBC4 /* citest02 */ = {
			isa = PBXNativeTarget;
			buildConfigurationList = 5344E40E2D6F2CC400DDDBC4 /* Build configuration list for PBXNativeTarget "citest02" */;
			buildPhases = (
				5344E3E62D6F2CC300DDDBC4 /* Sources */,
				5344E3E72D6F2CC300DDDBC4 /* Frameworks */,
				5344E3E82D6F2CC300DDDBC4 /* Resources */,
			);
			buildRules = (
			);
			dependencies = (
			);
			fileSystemSynchronizedGroups = (
				5344E3EC2D6F2CC300DDDBC4 /* citest02 */,
				5353610F2D8D3F3600704C30 /* Features */,
			);
			name = citest02;
			packageProductDependencies = (
			);
			productName = citest02;
			productReference = 5344E3EA2D6F2CC300DDDBC4 /* citest02.app */;
			productType = "com.apple.product-type.application";
		};
		5344E3F92D6F2CC400DDDBC4 /* citest02Tests */ = {
			isa = PBXNativeTarget;
			buildConfigurationList = 5344E4112D6F2CC400DDDBC4 /* Build configuration list for PBXNativeTarget "citest02Tests" */;
			buildPhases = (
				5344E3F62D6F2CC400DDDBC4 /* Sources */,
				5344E3F72D6F2CC400DDDBC4 /* Frameworks */,
				5344E3F82D6F2CC400DDDBC4 /* Resources */,
			);
			buildRules = (
			);
			dependencies = (
				5344E3FC2D6F2CC400DDDBC4 /* PBXTargetDependency */,
			);
			name = citest02Tests;
			packageProductDependencies = (
				5344E4182D6F2D1A00DDDBC4 /* InlineSnapshotTesting */,
				5344E41A2D6F2D1A00DDDBC4 /* SnapshotTesting */,
				5344E41C2D6F2D1A00DDDBC4 /* SnapshotTestingCustomDump */,
			);
			productName = citest02Tests;
			productReference = 5344E3FA2D6F2CC400DDDBC4 /* citest02Tests.xctest */;
			productType = "com.apple.product-type.bundle.unit-test";
		};
/* End PBXNativeTarget section */

/* Begin PBXProject section */
		5344E3E22D6F2CC300DDDBC4 /* Project object */ = {
			isa = PBXProject;
			attributes = {
				BuildIndependentTargetsInParallel = 1;
				LastSwiftUpdateCheck = 1620;
				LastUpgradeCheck = 1620;
				TargetAttributes = {
					530FEB5D2D87BF6300850D14 = {
						CreatedOnToolsVersion = 16.2;
						TestTargetID = 5344E3E92D6F2CC300DDDBC4;
					};
					5344E3E92D6F2CC300DDDBC4 = {
						CreatedOnToolsVersion = 16.2;
					};
					5344E3F92D6F2CC400DDDBC4 = {
						CreatedOnToolsVersion = 16.2;
						TestTargetID = 5344E3E92D6F2CC300DDDBC4;
					};
				};
			};
			buildConfigurationList = 5344E3E52D6F2CC300DDDBC4 /* Build configuration list for PBXProject "citest02" */;
			developmentRegion = en;
			hasScannedForEncodings = 0;
			knownRegions = (
				en,
				Base,
			);
			mainGroup = 5344E3E12D6F2CC300DDDBC4;
			minimizedProjectReferenceProxies = 1;
			packageReferences = (
				5344E4172D6F2D1A00DDDBC4 /* XCRemoteSwiftPackageReference "swift-snapshot-testing" */,
			);
			preferredProjectObjectVersion = 77;
			productRefGroup = 5344E3EB2D6F2CC300DDDBC4 /* Products */;
			projectDirPath = "";
			projectRoot = "";
			targets = (
				5344E3E92D6F2CC300DDDBC4 /* citest02 */,
				5344E3F92D6F2CC400DDDBC4 /* citest02Tests */,
				530FEB5D2D87BF6300850D14 /* citest02SnapshotTests */,
			);
		};
/* End PBXProject section */

/* Begin PBXResourcesBuildPhase section */
		530FEB5C2D87BF6300850D14 /* Resources */ = {
			isa = PBXResourcesBuildPhase;
			buildActionMask = 2147483647;
			files = (
			);
			runOnlyForDeploymentPostprocessing = 0;
		};
		5344E3E82D6F2CC300DDDBC4 /* Resources */ = {
			isa = PBXResourcesBuildPhase;
			buildActionMask = 2147483647;
			files = (
			);
			runOnlyForDeploymentPostprocessing = 0;
		};
		5344E3F82D6F2CC400DDDBC4 /* Resources */ = {
			isa = PBXResourcesBuildPhase;
			buildActionMask = 2147483647;
			files = (
			);
			runOnlyForDeploymentPostprocessing = 0;
		};
/* End PBXResourcesBuildPhase section */

/* Begin PBXSourcesBuildPhase section */
		530FEB5A2D87BF6300850D14 /* Sources */ = {
			isa = PBXSourcesBuildPhase;
			buildActionMask = 2147483647;
			files = (
			);
			runOnlyForDeploymentPostprocessing = 0;
		};
		5344E3E62D6F2CC300DDDBC4 /* Sources */ = {
			isa = PBXSourcesBuildPhase;
			buildActionMask = 2147483647;
			files = (
			);
			runOnlyForDeploymentPostprocessing = 0;
		};
		5344E3F62D6F2CC400DDDBC4 /* Sources */ = {
			isa = PBXSourcesBuildPhase;
			buildActionMask = 2147483647;
			files = (
			);
			runOnlyForDeploymentPostprocessing = 0;
		};
/* End PBXSourcesBuildPhase section */

/* Begin PBXTargetDependency section */
		530FEB632D87BF6300850D14 /* PBXTargetDependency */ = {
			isa = PBXTargetDependency;
			target = 5344E3E92D6F2CC300DDDBC4 /* citest02 */;
			targetProxy = 530FEB622D87BF6300850D14 /* PBXContainerItemProxy */;
		};
		5344E3FC2D6F2CC400DDDBC4 /* PBXTargetDependency */ = {
			isa = PBXTargetDependency;
			target = 5344E3E92D6F2CC300DDDBC4 /* citest02 */;
			targetProxy = 5344E3FB2D6F2CC400DDDBC4 /* PBXContainerItemProxy */;
		};
/* End PBXTargetDependency section */

/* Begin XCBuildConfiguration section */
		530FEB642D87BF6300850D14 /* Debug */ = {
			isa = XCBuildConfiguration;
			buildSettings = {
				BUNDLE_LOADER = "$(TEST_HOST)";
				CODE_SIGN_STYLE = Automatic;
				CURRENT_PROJECT_VERSION = 1;
				DEVELOPMENT_TEAM = C7MSN3DZRQ;
				GENERATE_INFOPLIST_FILE = YES;
				IPHONEOS_DEPLOYMENT_TARGET = 18.2;
				MARKETING_VERSION = 1.0;
				PRODUCT_BUNDLE_IDENTIFIER = com.app.citest02SnapshotTests;
				PRODUCT_NAME = "$(TARGET_NAME)";
				SWIFT_EMIT_LOC_STRINGS = NO;
				SWIFT_VERSION = 5.0;
				TARGETED_DEVICE_FAMILY = "1,2";
				TEST_HOST = "$(BUILT_PRODUCTS_DIR)/citest02.app/$(BUNDLE_EXECUTABLE_FOLDER_PATH)/citest02";
			};
			name = Debug;
		};
		530FEB652D87BF6300850D14 /* Release */ = {
			isa = XCBuildConfiguration;
			buildSettings = {
				BUNDLE_LOADER = "$(TEST_HOST)";
				CODE_SIGN_STYLE = Automatic;
				CURRENT_PROJECT_VERSION = 1;
				DEVELOPMENT_TEAM = C7MSN3DZRQ;
				GENERATE_INFOPLIST_FILE = YES;
				IPHONEOS_DEPLOYMENT_TARGET = 18.2;
				MARKETING_VERSION = 1.0;
				PRODUCT_BUNDLE_IDENTIFIER = com.app.citest02SnapshotTests;
				PRODUCT_NAME = "$(TARGET_NAME)";
				SWIFT_EMIT_LOC_STRINGS = NO;
				SWIFT_VERSION = 5.0;
				TARGETED_DEVICE_FAMILY = "1,2";
				TEST_HOST = "$(BUILT_PRODUCTS_DIR)/citest02.app/$(BUNDLE_EXECUTABLE_FOLDER_PATH)/citest02";
			};
			name = Release;
		};
		5344E40C2D6F2CC400DDDBC4 /* Debug */ = {
			isa = XCBuildConfiguration;
			buildSettings = {
				ALWAYS_SEARCH_USER_PATHS = NO;
				ASSETCATALOG_COMPILER_GENERATE_SWIFT_ASSET_SYMBOL_EXTENSIONS = YES;
				CLANG_ANALYZER_NONNULL = YES;
				CLANG_ANALYZER_NUMBER_OBJECT_CONVERSION = YES_AGGRESSIVE;
				CLANG_CXX_LANGUAGE_STANDARD = "gnu++20";
				CLANG_ENABLE_MODULES = YES;
				CLANG_ENABLE_OBJC_ARC = YES;
				CLANG_ENABLE_OBJC_WEAK = YES;
				CLANG_WARN_BLOCK_CAPTURE_AUTORELEASING = YES;
				CLANG_WARN_BOOL_CONVERSION = YES;
				CLANG_WARN_COMMA = YES;
				CLANG_WARN_CONSTANT_CONVERSION = YES;
				CLANG_WARN_DEPRECATED_OBJC_IMPLEMENTATIONS = YES;
				CLANG_WARN_DIRECT_OBJC_ISA_USAGE = YES_ERROR;
				CLANG_WARN_DOCUMENTATION_COMMENTS = YES;
				CLANG_WARN_EMPTY_BODY = YES;
				CLANG_WARN_ENUM_CONVERSION = YES;
				CLANG_WARN_INFINITE_RECURSION = YES;
				CLANG_WARN_INT_CONVERSION = YES;
				CLANG_WARN_NON_LITERAL_NULL_CONVERSION = YES;
				CLANG_WARN_OBJC_IMPLICIT_RETAIN_SELF = YES;
				CLANG_WARN_OBJC_LITERAL_CONVERSION = YES;
				CLANG_WARN_OBJC_ROOT_CLASS = YES_ERROR;
				CLANG_WARN_QUOTED_INCLUDE_IN_FRAMEWORK_HEADER = YES;
				CLANG_WARN_RANGE_LOOP_ANALYSIS = YES;
				CLANG_WARN_STRICT_PROTOTYPES = YES;
				CLANG_WARN_SUSPICIOUS_MOVE = YES;
				CLANG_WARN_UNGUARDED_AVAILABILITY = YES_AGGRESSIVE;
				CLANG_WARN_UNREACHABLE_CODE = YES;
				CLANG_WARN__DUPLICATE_METHOD_MATCH = YES;
				COPY_PHASE_STRIP = NO;
				DEBUG_INFORMATION_FORMAT = dwarf;
				ENABLE_STRICT_OBJC_MSGSEND = YES;
				ENABLE_TESTABILITY = YES;
				ENABLE_USER_SCRIPT_SANDBOXING = YES;
				GCC_C_LANGUAGE_STANDARD = gnu17;
				GCC_DYNAMIC_NO_PIC = NO;
				GCC_NO_COMMON_BLOCKS = YES;
				GCC_OPTIMIZATION_LEVEL = 0;
				GCC_PREPROCESSOR_DEFINITIONS = (
					"DEBUG=1",
					"$(inherited)",
				);
				GCC_WARN_64_TO_32_BIT_CONVERSION = YES;
				GCC_WARN_ABOUT_RETURN_TYPE = YES_ERROR;
				GCC_WARN_UNDECLARED_SELECTOR = YES;
				GCC_WARN_UNINITIALIZED_AUTOS = YES_AGGRESSIVE;
				GCC_WARN_UNUSED_FUNCTION = YES;
				GCC_WARN_UNUSED_VARIABLE = YES;
				IPHONEOS_DEPLOYMENT_TARGET = 17.6;
				LOCALIZATION_PREFERS_STRING_CATALOGS = YES;
				MTL_ENABLE_DEBUG_INFO = INCLUDE_SOURCE;
				MTL_FAST_MATH = YES;
				ONLY_ACTIVE_ARCH = YES;
				SDKROOT = iphoneos;
				SWIFT_ACTIVE_COMPILATION_CONDITIONS = "DEBUG $(inherited)";
				SWIFT_OPTIMIZATION_LEVEL = "-Onone";
			};
			name = Debug;
		};
		5344E40D2D6F2CC400DDDBC4 /* Release */ = {
			isa = XCBuildConfiguration;
			buildSettings = {
				ALWAYS_SEARCH_USER_PATHS = NO;
				ASSETCATALOG_COMPILER_GENERATE_SWIFT_ASSET_SYMBOL_EXTENSIONS = YES;
				CLANG_ANALYZER_NONNULL = YES;
				CLANG_ANALYZER_NUMBER_OBJECT_CONVERSION = YES_AGGRESSIVE;
				CLANG_CXX_LANGUAGE_STANDARD = "gnu++20";
				CLANG_ENABLE_MODULES = YES;
				CLANG_ENABLE_OBJC_ARC = YES;
				CLANG_ENABLE_OBJC_WEAK = YES;
				CLANG_WARN_BLOCK_CAPTURE_AUTORELEASING = YES;
				CLANG_WARN_BOOL_CONVERSION = YES;
				CLANG_WARN_COMMA = YES;
				CLANG_WARN_CONSTANT_CONVERSION = YES;
				CLANG_WARN_DEPRECATED_OBJC_IMPLEMENTATIONS = YES;
				CLANG_WARN_DIRECT_OBJC_ISA_USAGE = YES_ERROR;
				CLANG_WARN_DOCUMENTATION_COMMENTS = YES;
				CLANG_WARN_EMPTY_BODY = YES;
				CLANG_WARN_ENUM_CONVERSION = YES;
				CLANG_WARN_INFINITE_RECURSION = YES;
				CLANG_WARN_INT_CONVERSION = YES;
				CLANG_WARN_NON_LITERAL_NULL_CONVERSION = YES;
				CLANG_WARN_OBJC_IMPLICIT_RETAIN_SELF = YES;
				CLANG_WARN_OBJC_LITERAL_CONVERSION = YES;
				CLANG_WARN_OBJC_ROOT_CLASS = YES_ERROR;
				CLANG_WARN_QUOTED_INCLUDE_IN_FRAMEWORK_HEADER = YES;
				CLANG_WARN_RANGE_LOOP_ANALYSIS = YES;
				CLANG_WARN_STRICT_PROTOTYPES = YES;
				CLANG_WARN_SUSPICIOUS_MOVE = YES;
				CLANG_WARN_UNGUARDED_AVAILABILITY = YES_AGGRESSIVE;
				CLANG_WARN_UNREACHABLE_CODE = YES;
				CLANG_WARN__DUPLICATE_METHOD_MATCH = YES;
				COPY_PHASE_STRIP = NO;
				DEBUG_INFORMATION_FORMAT = "dwarf-with-dsym";
				ENABLE_NS_ASSERTIONS = NO;
				ENABLE_STRICT_OBJC_MSGSEND = YES;
				ENABLE_USER_SCRIPT_SANDBOXING = YES;
				GCC_C_LANGUAGE_STANDARD = gnu17;
				GCC_NO_COMMON_BLOCKS = YES;
				GCC_WARN_64_TO_32_BIT_CONVERSION = YES;
				GCC_WARN_ABOUT_RETURN_TYPE = YES_ERROR;
				GCC_WARN_UNDECLARED_SELECTOR = YES;
				GCC_WARN_UNINITIALIZED_AUTOS = YES_AGGRESSIVE;
				GCC_WARN_UNUSED_FUNCTION = YES;
				GCC_WARN_UNUSED_VARIABLE = YES;
				IPHONEOS_DEPLOYMENT_TARGET = 17.6;
				LOCALIZATION_PREFERS_STRING_CATALOGS = YES;
				MTL_ENABLE_DEBUG_INFO = NO;
				MTL_FAST_MATH = YES;
				SDKROOT = iphoneos;
				SWIFT_COMPILATION_MODE = wholemodule;
				VALIDATE_PRODUCT = YES;
			};
			name = Release;
		};
		5344E40F2D6F2CC400DDDBC4 /* Debug */ = {
			isa = XCBuildConfiguration;
			buildSettings = {
				ASSETCATALOG_COMPILER_APPICON_NAME = AppIcon;
				ASSETCATALOG_COMPILER_GLOBAL_ACCENT_COLOR_NAME = AccentColor;
				CODE_SIGN_STYLE = Automatic;
				CURRENT_PROJECT_VERSION = 1;
				DEVELOPMENT_ASSET_PATHS = "\"citest02/Preview Content\"";
				DEVELOPMENT_TEAM = C7MSN3DZRQ;
				ENABLE_PREVIEWS = YES;
				GENERATE_INFOPLIST_FILE = YES;
				INFOPLIST_KEY_UIApplicationSceneManifest_Generation = YES;
				INFOPLIST_KEY_UIApplicationSupportsIndirectInputEvents = YES;
				INFOPLIST_KEY_UILaunchScreen_Generation = YES;
				INFOPLIST_KEY_UISupportedInterfaceOrientations_iPad = "UIInterfaceOrientationPortrait UIInterfaceOrientationPortraitUpsideDown UIInterfaceOrientationLandscapeLeft UIInterfaceOrientationLandscapeRight";
				INFOPLIST_KEY_UISupportedInterfaceOrientations_iPhone = "UIInterfaceOrientationPortrait UIInterfaceOrientationLandscapeLeft UIInterfaceOrientationLandscapeRight";
				IPHONEOS_DEPLOYMENT_TARGET = 17.6;
				LD_RUNPATH_SEARCH_PATHS = (
					"$(inherited)",
					"@executable_path/Frameworks",
				);
				MARKETING_VERSION = 1.0;
				PRODUCT_BUNDLE_IDENTIFIER = com.app.citest02;
				PRODUCT_NAME = "$(TARGET_NAME)";
				SWIFT_EMIT_LOC_STRINGS = YES;
				SWIFT_VERSION = 5.0;
				TARGETED_DEVICE_FAMILY = "1,2";
			};
			name = Debug;
		};
		5344E4102D6F2CC400DDDBC4 /* Release */ = {
			isa = XCBuildConfiguration;
			buildSettings = {
				ASSETCATALOG_COMPILER_APPICON_NAME = AppIcon;
				ASSETCATALOG_COMPILER_GLOBAL_ACCENT_COLOR_NAME = AccentColor;
				CODE_SIGN_STYLE = Automatic;
				CURRENT_PROJECT_VERSION = 1;
				DEVELOPMENT_ASSET_PATHS = "\"citest02/Preview Content\"";
				DEVELOPMENT_TEAM = C7MSN3DZRQ;
				ENABLE_PREVIEWS = YES;
				GENERATE_INFOPLIST_FILE = YES;
				INFOPLIST_KEY_UIApplicationSceneManifest_Generation = YES;
				INFOPLIST_KEY_UIApplicationSupportsIndirectInputEvents = YES;
				INFOPLIST_KEY_UILaunchScreen_Generation = YES;
				INFOPLIST_KEY_UISupportedInterfaceOrientations_iPad = "UIInterfaceOrientationPortrait UIInterfaceOrientationPortraitUpsideDown UIInterfaceOrientationLandscapeLeft UIInterfaceOrientationLandscapeRight";
				INFOPLIST_KEY_UISupportedInterfaceOrientations_iPhone = "UIInterfaceOrientationPortrait UIInterfaceOrientationLandscapeLeft UIInterfaceOrientationLandscapeRight";
				IPHONEOS_DEPLOYMENT_TARGET = 17.6;
				LD_RUNPATH_SEARCH_PATHS = (
					"$(inherited)",
					"@executable_path/Frameworks",
				);
				MARKETING_VERSION = 1.0;
				PRODUCT_BUNDLE_IDENTIFIER = com.app.citest02;
				PRODUCT_NAME = "$(TARGET_NAME)";
				SWIFT_EMIT_LOC_STRINGS = YES;
				SWIFT_VERSION = 5.0;
				TARGETED_DEVICE_FAMILY = "1,2";
			};
			name = Release;
		};
		5344E4122D6F2CC400DDDBC4 /* Debug */ = {
			isa = XCBuildConfiguration;
			buildSettings = {
				BUNDLE_LOADER = "$(TEST_HOST)";
				CODE_SIGN_STYLE = Automatic;
				CURRENT_PROJECT_VERSION = 1;
				DEVELOPMENT_TEAM = C7MSN3DZRQ;
				GENERATE_INFOPLIST_FILE = YES;
				IPHONEOS_DEPLOYMENT_TARGET = 17.6;
				MARKETING_VERSION = 1.0;
				PRODUCT_BUNDLE_IDENTIFIER = com.app.citest02Tests;
				PRODUCT_NAME = "$(TARGET_NAME)";
				SWIFT_EMIT_LOC_STRINGS = NO;
				SWIFT_VERSION = 5.0;
				TARGETED_DEVICE_FAMILY = "1,2";
				TEST_HOST = "$(BUILT_PRODUCTS_DIR)/citest02.app/$(BUNDLE_EXECUTABLE_FOLDER_PATH)/citest02";
			};
			name = Debug;
		};
		5344E4132D6F2CC400DDDBC4 /* Release */ = {
			isa = XCBuildConfiguration;
			buildSettings = {
				BUNDLE_LOADER = "$(TEST_HOST)";
				CODE_SIGN_STYLE = Automatic;
				CURRENT_PROJECT_VERSION = 1;
				DEVELOPMENT_TEAM = C7MSN3DZRQ;
				GENERATE_INFOPLIST_FILE = YES;
				IPHONEOS_DEPLOYMENT_TARGET = 17.6;
				MARKETING_VERSION = 1.0;
				PRODUCT_BUNDLE_IDENTIFIER = com.app.citest02Tests;
				PRODUCT_NAME = "$(TARGET_NAME)";
				SWIFT_EMIT_LOC_STRINGS = NO;
				SWIFT_VERSION = 5.0;
				TARGETED_DEVICE_FAMILY = "1,2";
				TEST_HOST = "$(BUILT_PRODUCTS_DIR)/citest02.app/$(BUNDLE_EXECUTABLE_FOLDER_PATH)/citest02";
			};
			name = Release;
		};
/* End XCBuildConfiguration section */

/* Begin XCConfigurationList section */
		530FEB662D87BF6300850D14 /* Build configuration list for PBXNativeTarget "citest02SnapshotTests" */ = {
			isa = XCConfigurationList;
			buildConfigurations = (
				530FEB642D87BF6300850D14 /* Debug */,
				530FEB652D87BF6300850D14 /* Release */,
			);
			defaultConfigurationIsVisible = 0;
			defaultConfigurationName = Release;
		};
		5344E3E52D6F2CC300DDDBC4 /* Build configuration list for PBXProject "citest02" */ = {
			isa = XCConfigurationList;
			buildConfigurations = (
				5344E40C2D6F2CC400DDDBC4 /* Debug */,
				5344E40D2D6F2CC400DDDBC4 /* Release */,
			);
			defaultConfigurationIsVisible = 0;
			defaultConfigurationName = Release;
		};
		5344E40E2D6F2CC400DDDBC4 /* Build configuration list for PBXNativeTarget "citest02" */ = {
			isa = XCConfigurationList;
			buildConfigurations = (
				5344E40F2D6F2CC400DDDBC4 /* Debug */,
				5344E4102D6F2CC400DDDBC4 /* Release */,
			);
			defaultConfigurationIsVisible = 0;
			defaultConfigurationName = Release;
		};
		5344E4112D6F2CC400DDDBC4 /* Build configuration list for PBXNativeTarget "citest02Tests" */ = {
			isa = XCConfigurationList;
			buildConfigurations = (
				5344E4122D6F2CC400DDDBC4 /* Debug */,
				5344E4132D6F2CC400DDDBC4 /* Release */,
			);
			defaultConfigurationIsVisible = 0;
			defaultConfigurationName = Release;
		};
/* End XCConfigurationList section */

/* Begin XCRemoteSwiftPackageReference section */
		5344E4172D6F2D1A00DDDBC4 /* XCRemoteSwiftPackageReference "swift-snapshot-testing" */ = {
			isa = XCRemoteSwiftPackageReference;
			repositoryURL = "https://github.com/pointfreeco/swift-snapshot-testing";
			requirement = {
				kind = upToNextMajorVersion;
				minimumVersion = 1.18.1;
			};
		};
/* End XCRemoteSwiftPackageReference section */

/* Begin XCSwiftPackageProductDependency section */
		5344E4182D6F2D1A00DDDBC4 /* InlineSnapshotTesting */ = {
			isa = XCSwiftPackageProductDependency;
			package = 5344E4172D6F2D1A00DDDBC4 /* XCRemoteSwiftPackageReference "swift-snapshot-testing" */;
			productName = InlineSnapshotTesting;
		};
		5344E41A2D6F2D1A00DDDBC4 /* SnapshotTesting */ = {
			isa = XCSwiftPackageProductDependency;
			package = 5344E4172D6F2D1A00DDDBC4 /* XCRemoteSwiftPackageReference "swift-snapshot-testing" */;
			productName = SnapshotTesting;
		};
		5344E41C2D6F2D1A00DDDBC4 /* SnapshotTestingCustomDump */ = {
			isa = XCSwiftPackageProductDependency;
			package = 5344E4172D6F2D1A00DDDBC4 /* XCRemoteSwiftPackageReference "swift-snapshot-testing" */;
			productName = SnapshotTestingCustomDump;
		};
/* End XCSwiftPackageProductDependency section */
	};
	rootObject = 5344E3E22D6F2CC300DDDBC4 /* Project object */;
}
